lockfileVersion: '9.0'

settings:
  autoInstallPeers: true
  excludeLinksFromLockfile: false

importers:

  .:
    dependencies:
      i-have-a-dir-and-main:
        specifier: ^1.0.0
        version: 1.0.0
    devDependencies:
      '@types/node':
        specifier: ^20.17.16
        version: 20.17.16
      typescript:
        specifier: ^5.7.3
        version: 5.7.3

packages:

  '@types/node@20.17.16':
    resolution: {integrity: sha512-vOTpLduLkZXePLxHiHsBLp98mHGnl8RptV4YAO3HfKO5UHjDvySGbxKtpYfy8Sx5+WKcgc45qNreJJRVM3L6mw==}

  i-have-a-dir-and-main@1.0.0:
    resolution: {integrity: sha512-hjUVR4OzPUlRUoIcgw7UTrTMgyUGQaabXw1LGo5EnR501BXp7n4pDR+aEZJqVxU0Jvv47f7W1J/IK3NJFLyurw==}

  typescript@5.7.3:
    resolution: {integrity: sha512-84MVSjMEHP+FQRPy3pX9sTVV/INIex71s9TL2Gm5FG/WG1SqXeKyZ0k7/blY/4FdOzI12CBy1vGc4og/eus0fw==}
    engines: {node: '>=14.17'}
    hasBin: true

  undici-types@6.19.8:
    resolution: {integrity: sha512-ve2KP6f/JnbPBFyobGHuerC9g1FYGn/F8n1LWTwNxCEzd6IfqTwUQcNXgEtmmQ6DlRrC1hrSrBnCZPokRrDHjw==}

snapshots:

  '@types/node@20.17.16':
    dependencies:
      undici-types: 6.19.8

  i-have-a-dir-and-main@1.0.0: {}

  typescript@5.7.3: {}

  undici-types@6.19.8: {}
